// !$*UTF8*$!
{
	archiveVersion = 1;
	classes = {
	};
	objectVersion = 55;
	objects = {

/* Begin PBXBuildFile section */
		292EC9E428E86117006CD474 /* PaymentLib.docc in Sources */ = {isa = PBXBuildFile; fileRef = 292EC9E328E86117006CD474 /* PaymentLib.docc */; };
		292EC9EA28E86118006CD474 /* PaymentLib.framework in Frameworks */ = {isa = PBXBuildFile; fileRef = 292EC9DF28E86117006CD474 /* PaymentLib.framework */; };
		292EC9EF28E86118006CD474 /* PaymentLibTests.swift in Sources */ = {isa = PBXBuildFile; fileRef = 292EC9EE28E86118006CD474 /* PaymentLibTests.swift */; };
		292EC9F028E86118006CD474 /* PaymentLib.h in Headers */ = {isa = PBXBuildFile; fileRef = 292EC9E228E86117006CD474 /* PaymentLib.h */; settings = {ATTRIBUTES = (Public, ); }; };
		292ECA3728E862AF006CD474 /* PayrocExampleApp.swift in Sources */ = {isa = PBXBuildFile; fileRef = 292ECA3628E862AF006CD474 /* PayrocExampleApp.swift */; };
		292ECA3928E862AF006CD474 /* ContentView.swift in Sources */ = {isa = PBXBuildFile; fileRef = 292ECA3828E862AF006CD474 /* ContentView.swift */; };
		292ECA3B28E862B0006CD474 /* Assets.xcassets in Resources */ = {isa = PBXBuildFile; fileRef = 292ECA3A28E862B0006CD474 /* Assets.xcassets */; };
		292ECA3E28E862B0006CD474 /* Preview Assets.xcassets in Resources */ = {isa = PBXBuildFile; fileRef = 292ECA3D28E862B0006CD474 /* Preview Assets.xcassets */; };
		292ECA4028E862B0006CD474 /* Persistence.swift in Sources */ = {isa = PBXBuildFile; fileRef = 292ECA3F28E862B0006CD474 /* Persistence.swift */; };
		292ECA4328E862B0006CD474 /* PayrocExample.xcdatamodeld in Sources */ = {isa = PBXBuildFile; fileRef = 292ECA4128E862B0006CD474 /* PayrocExample.xcdatamodeld */; };
		292ECA4F28E86639006CD474 /* XmlObj.swift in Sources */ = {isa = PBXBuildFile; fileRef = 292ECA4E28E86639006CD474 /* XmlObj.swift */; };
		292ECA5128E866A6006CD474 /* PayRocXmlParser.swift in Sources */ = {isa = PBXBuildFile; fileRef = 292ECA5028E866A6006CD474 /* PayRocXmlParser.swift */; };
		292ECA5428E86869006CD474 /* DataModelFactory.swift in Sources */ = {isa = PBXBuildFile; fileRef = 292ECA5328E86869006CD474 /* DataModelFactory.swift */; };
		292ECA5628E8689A006CD474 /* Card.swift in Sources */ = {isa = PBXBuildFile; fileRef = 292ECA5528E8689A006CD474 /* Card.swift */; };
		292ECA5828E885B4006CD474 /* card_data.xml in Resources */ = {isa = PBXBuildFile; fileRef = 292ECA5728E885B4006CD474 /* card_data.xml */; };
		292ECA5A28E889F8006CD474 /* cardDataMock.xml in Resources */ = {isa = PBXBuildFile; fileRef = 292ECA5928E889F8006CD474 /* cardDataMock.xml */; };
		292ECA5C28E88A2A006CD474 /* TransactionType.swift in Sources */ = {isa = PBXBuildFile; fileRef = 292ECA5B28E88A2A006CD474 /* TransactionType.swift */; };
		292ECA5E28E8A7C1006CD474 /* PaymentLib.swift in Sources */ = {isa = PBXBuildFile; fileRef = 292ECA5D28E8A7C1006CD474 /* PaymentLib.swift */; };
		292ECA6128E8E4E5006CD474 /* PaymentError.swift in Sources */ = {isa = PBXBuildFile; fileRef = 292ECA6028E8E4E5006CD474 /* PaymentError.swift */; };
		292ECA6428E8E56A006CD474 /* MainView.swift in Sources */ = {isa = PBXBuildFile; fileRef = 292ECA6328E8E56A006CD474 /* MainView.swift */; };
		292ECA6628E8E7B2006CD474 /* PaymentLib.framework in Frameworks */ = {isa = PBXBuildFile; fileRef = 292EC9DF28E86117006CD474 /* PaymentLib.framework */; platformFilter = ios; };
		292ECA6728E8E7B2006CD474 /* PaymentLib.framework in Embed Frameworks */ = {isa = PBXBuildFile; fileRef = 292EC9DF28E86117006CD474 /* PaymentLib.framework */; settings = {ATTRIBUTES = (CodeSignOnCopy, RemoveHeadersOnCopy, ); }; };
		292ECA6C28EA0D9E006CD474 /* ServiceFactory.swift in Sources */ = {isa = PBXBuildFile; fileRef = 292ECA6B28EA0D9E006CD474 /* ServiceFactory.swift */; };
		292ECA7528EA0F8A006CD474 /* APIEndPoint.swift in Sources */ = {isa = PBXBuildFile; fileRef = 292ECA7428EA0F8A006CD474 /* APIEndPoint.swift */; };
		292ECA7828EA11C5006CD474 /* PaymentEndPoint.swift in Sources */ = {isa = PBXBuildFile; fileRef = 292ECA7728EA11C5006CD474 /* PaymentEndPoint.swift */; };
		292ECA7B28EA15B5006CD474 /* WebService.swift in Sources */ = {isa = PBXBuildFile; fileRef = 292ECA7A28EA15B5006CD474 /* WebService.swift */; };
		292ECA7D28EA15C5006CD474 /* APIService.swift in Sources */ = {isa = PBXBuildFile; fileRef = 292ECA7C28EA15C5006CD474 /* APIService.swift */; };
		292ECA8028EA1693006CD474 /* PaymentRequest.swift in Sources */ = {isa = PBXBuildFile; fileRef = 292ECA7F28EA1693006CD474 /* PaymentRequest.swift */; };
		292ECA8228EA169B006CD474 /* PaymentResponse.swift in Sources */ = {isa = PBXBuildFile; fileRef = 292ECA8128EA169B006CD474 /* PaymentResponse.swift */; };
		292ECA8528EA1D69006CD474 /* Order.swift in Sources */ = {isa = PBXBuildFile; fileRef = 292ECA8428EA1D69006CD474 /* Order.swift */; };
		292ECA8728EA1D77006CD474 /* CustomerAccount.swift in Sources */ = {isa = PBXBuildFile; fileRef = 292ECA8628EA1D77006CD474 /* CustomerAccount.swift */; };
		292ECA8928EA1D84006CD474 /* Device.swift in Sources */ = {isa = PBXBuildFile; fileRef = 292ECA8828EA1D84006CD474 /* Device.swift */; };
		292ECA8B28EA2893006CD474 /* SecurityCheck.swift in Sources */ = {isa = PBXBuildFile; fileRef = 292ECA8A28EA2893006CD474 /* SecurityCheck.swift */; };
		292ECA8D28EA28C3006CD474 /* TransactionResult.swift in Sources */ = {isa = PBXBuildFile; fileRef = 292ECA8C28EA28C3006CD474 /* TransactionResult.swift */; };
		292ECA8F28EA2997006CD474 /* AdditionalDataFields.swift in Sources */ = {isa = PBXBuildFile; fileRef = 292ECA8E28EA2997006CD474 /* AdditionalDataFields.swift */; };
		292ECA9128EAD108006CD474 /* EmvTags.swift in Sources */ = {isa = PBXBuildFile; fileRef = 292ECA9028EAD108006CD474 /* EmvTags.swift */; };
/* End PBXBuildFile section */

/* Begin PBXContainerItemProxy section */
		292EC9EB28E86118006CD474 /* PBXContainerItemProxy */ = {
			isa = PBXContainerItemProxy;
			containerPortal = 292EC9D628E86117006CD474 /* Project object */;
			proxyType = 1;
			remoteGlobalIDString = 292EC9DE28E86117006CD474;
			remoteInfo = PaymentLib;
		};
		292ECA6828E8E7B2006CD474 /* PBXContainerItemProxy */ = {
			isa = PBXContainerItemProxy;
			containerPortal = 292EC9D628E86117006CD474 /* Project object */;
			proxyType = 1;
			remoteGlobalIDString = 292EC9DE28E86117006CD474;
			remoteInfo = PaymentLib;
		};
/* End PBXContainerItemProxy section */

/* Begin PBXCopyFilesBuildPhase section */
		292ECA6A28E8E7B2006CD474 /* Embed Frameworks */ = {
			isa = PBXCopyFilesBuildPhase;
			buildActionMask = 2147483647;
			dstPath = "";
			dstSubfolderSpec = 10;
			files = (
				292ECA6728E8E7B2006CD474 /* PaymentLib.framework in Embed Frameworks */,
			);
			name = "Embed Frameworks";
			runOnlyForDeploymentPostprocessing = 0;
		};
/* End PBXCopyFilesBuildPhase section */

/* Begin PBXFileReference section */
		292EC9DF28E86117006CD474 /* PaymentLib.framework */ = {isa = PBXFileReference; explicitFileType = wrapper.framework; includeInIndex = 0; path = PaymentLib.framework; sourceTree = BUILT_PRODUCTS_DIR; };
		292EC9E228E86117006CD474 /* PaymentLib.h */ = {isa = PBXFileReference; lastKnownFileType = sourcecode.c.h; path = PaymentLib.h; sourceTree = "<group>"; };
		292EC9E328E86117006CD474 /* PaymentLib.docc */ = {isa = PBXFileReference; lastKnownFileType = folder.documentationcatalog; path = PaymentLib.docc; sourceTree = "<group>"; };
		292EC9E928E86118006CD474 /* PaymentLibTests.xctest */ = {isa = PBXFileReference; explicitFileType = wrapper.cfbundle; includeInIndex = 0; path = PaymentLibTests.xctest; sourceTree = BUILT_PRODUCTS_DIR; };
		292EC9EE28E86118006CD474 /* PaymentLibTests.swift */ = {isa = PBXFileReference; lastKnownFileType = sourcecode.swift; path = PaymentLibTests.swift; sourceTree = "<group>"; };
		292ECA3428E862AF006CD474 /* PayrocExample.app */ = {isa = PBXFileReference; explicitFileType = wrapper.application; includeInIndex = 0; path = PayrocExample.app; sourceTree = BUILT_PRODUCTS_DIR; };
		292ECA3628E862AF006CD474 /* PayrocExampleApp.swift */ = {isa = PBXFileReference; lastKnownFileType = sourcecode.swift; path = PayrocExampleApp.swift; sourceTree = "<group>"; };
		292ECA3828E862AF006CD474 /* ContentView.swift */ = {isa = PBXFileReference; lastKnownFileType = sourcecode.swift; path = ContentView.swift; sourceTree = "<group>"; };
		292ECA3A28E862B0006CD474 /* Assets.xcassets */ = {isa = PBXFileReference; lastKnownFileType = folder.assetcatalog; path = Assets.xcassets; sourceTree = "<group>"; };
		292ECA3D28E862B0006CD474 /* Preview Assets.xcassets */ = {isa = PBXFileReference; lastKnownFileType = folder.assetcatalog; path = "Preview Assets.xcassets"; sourceTree = "<group>"; };
		292ECA3F28E862B0006CD474 /* Persistence.swift */ = {isa = PBXFileReference; lastKnownFileType = sourcecode.swift; path = Persistence.swift; sourceTree = "<group>"; };
		292ECA4228E862B0006CD474 /* PayrocExample.xcdatamodel */ = {isa = PBXFileReference; lastKnownFileType = wrapper.xcdatamodel; path = PayrocExample.xcdatamodel; sourceTree = "<group>"; };
		292ECA4E28E86639006CD474 /* XmlObj.swift */ = {isa = PBXFileReference; lastKnownFileType = sourcecode.swift; path = XmlObj.swift; sourceTree = "<group>"; };
		292ECA5028E866A6006CD474 /* PayRocXmlParser.swift */ = {isa = PBXFileReference; lastKnownFileType = sourcecode.swift; path = PayRocXmlParser.swift; sourceTree = "<group>"; };
		292ECA5328E86869006CD474 /* DataModelFactory.swift */ = {isa = PBXFileReference; lastKnownFileType = sourcecode.swift; path = DataModelFactory.swift; sourceTree = "<group>"; };
		292ECA5528E8689A006CD474 /* Card.swift */ = {isa = PBXFileReference; lastKnownFileType = sourcecode.swift; path = Card.swift; sourceTree = "<group>"; };
		292ECA5728E885B4006CD474 /* card_data.xml */ = {isa = PBXFileReference; fileEncoding = 4; lastKnownFileType = text.xml; path = card_data.xml; sourceTree = "<group>"; };
		292ECA5928E889F8006CD474 /* cardDataMock.xml */ = {isa = PBXFileReference; fileEncoding = 4; lastKnownFileType = text.xml; path = cardDataMock.xml; sourceTree = "<group>"; };
		292ECA5B28E88A2A006CD474 /* TransactionType.swift */ = {isa = PBXFileReference; lastKnownFileType = sourcecode.swift; path = TransactionType.swift; sourceTree = "<group>"; };
		292ECA5D28E8A7C1006CD474 /* PaymentLib.swift */ = {isa = PBXFileReference; lastKnownFileType = sourcecode.swift; path = PaymentLib.swift; sourceTree = "<group>"; };
		292ECA6028E8E4E5006CD474 /* PaymentError.swift */ = {isa = PBXFileReference; lastKnownFileType = sourcecode.swift; path = PaymentError.swift; sourceTree = "<group>"; };
		292ECA6328E8E56A006CD474 /* MainView.swift */ = {isa = PBXFileReference; lastKnownFileType = sourcecode.swift; path = MainView.swift; sourceTree = "<group>"; };
		292ECA6B28EA0D9E006CD474 /* ServiceFactory.swift */ = {isa = PBXFileReference; lastKnownFileType = sourcecode.swift; path = ServiceFactory.swift; sourceTree = "<group>"; };
		292ECA7428EA0F8A006CD474 /* APIEndPoint.swift */ = {isa = PBXFileReference; lastKnownFileType = sourcecode.swift; path = APIEndPoint.swift; sourceTree = "<group>"; };
		292ECA7728EA11C5006CD474 /* PaymentEndPoint.swift */ = {isa = PBXFileReference; lastKnownFileType = sourcecode.swift; path = PaymentEndPoint.swift; sourceTree = "<group>"; };
		292ECA7A28EA15B5006CD474 /* WebService.swift */ = {isa = PBXFileReference; lastKnownFileType = sourcecode.swift; path = WebService.swift; sourceTree = "<group>"; };
		292ECA7C28EA15C5006CD474 /* APIService.swift */ = {isa = PBXFileReference; lastKnownFileType = sourcecode.swift; path = APIService.swift; sourceTree = "<group>"; };
		292ECA7F28EA1693006CD474 /* PaymentRequest.swift */ = {isa = PBXFileReference; lastKnownFileType = sourcecode.swift; path = PaymentRequest.swift; sourceTree = "<group>"; };
		292ECA8128EA169B006CD474 /* PaymentResponse.swift */ = {isa = PBXFileReference; lastKnownFileType = sourcecode.swift; path = PaymentResponse.swift; sourceTree = "<group>"; };
		292ECA8428EA1D69006CD474 /* Order.swift */ = {isa = PBXFileReference; lastKnownFileType = sourcecode.swift; path = Order.swift; sourceTree = "<group>"; };
		292ECA8628EA1D77006CD474 /* CustomerAccount.swift */ = {isa = PBXFileReference; lastKnownFileType = sourcecode.swift; path = CustomerAccount.swift; sourceTree = "<group>"; };
		292ECA8828EA1D84006CD474 /* Device.swift */ = {isa = PBXFileReference; lastKnownFileType = sourcecode.swift; path = Device.swift; sourceTree = "<group>"; };
		292ECA8A28EA2893006CD474 /* SecurityCheck.swift */ = {isa = PBXFileReference; lastKnownFileType = sourcecode.swift; path = SecurityCheck.swift; sourceTree = "<group>"; };
		292ECA8C28EA28C3006CD474 /* TransactionResult.swift */ = {isa = PBXFileReference; lastKnownFileType = sourcecode.swift; path = TransactionResult.swift; sourceTree = "<group>"; };
		292ECA8E28EA2997006CD474 /* AdditionalDataFields.swift */ = {isa = PBXFileReference; lastKnownFileType = sourcecode.swift; path = AdditionalDataFields.swift; sourceTree = "<group>"; };
		292ECA9028EAD108006CD474 /* EmvTags.swift */ = {isa = PBXFileReference; lastKnownFileType = sourcecode.swift; path = EmvTags.swift; sourceTree = "<group>"; };
/* End PBXFileReference section */

/* Begin PBXFrameworksBuildPhase section */
		292EC9DC28E86117006CD474 /* Frameworks */ = {
			isa = PBXFrameworksBuildPhase;
			buildActionMask = 2147483647;
			files = (
			);
			runOnlyForDeploymentPostprocessing = 0;
		};
		292EC9E628E86118006CD474 /* Frameworks */ = {
			isa = PBXFrameworksBuildPhase;
			buildActionMask = 2147483647;
			files = (
				292EC9EA28E86118006CD474 /* PaymentLib.framework in Frameworks */,
			);
			runOnlyForDeploymentPostprocessing = 0;
		};
		292ECA3128E862AF006CD474 /* Frameworks */ = {
			isa = PBXFrameworksBuildPhase;
			buildActionMask = 2147483647;
			files = (
				292ECA6628E8E7B2006CD474 /* PaymentLib.framework in Frameworks */,
			);
			runOnlyForDeploymentPostprocessing = 0;
		};
/* End PBXFrameworksBuildPhase section */

/* Begin PBXGroup section */
		292EC9D528E86117006CD474 = {
			isa = PBXGroup;
			children = (
				292EC9E128E86117006CD474 /* PaymentLib */,
				292EC9ED28E86118006CD474 /* PaymentLibTests */,
				292ECA3528E862AF006CD474 /* PayrocExample */,
				292EC9E028E86117006CD474 /* Products */,
				292ECA6528E8E7B2006CD474 /* Frameworks */,
			);
			sourceTree = "<group>";
		};
		292EC9E028E86117006CD474 /* Products */ = {
			isa = PBXGroup;
			children = (
				292EC9DF28E86117006CD474 /* PaymentLib.framework */,
				292EC9E928E86118006CD474 /* PaymentLibTests.xctest */,
				292ECA3428E862AF006CD474 /* PayrocExample.app */,
			);
			name = Products;
			sourceTree = "<group>";
		};
		292EC9E128E86117006CD474 /* PaymentLib */ = {
			isa = PBXGroup;
			children = (
				292ECA5728E885B4006CD474 /* card_data.xml */,
				292ECA5D28E8A7C1006CD474 /* PaymentLib.swift */,
				292ECA5228E86859006CD474 /* Factory */,
				292ECA6D28EA0DD7006CD474 /* Service */,
				292ECA4D28E86626006CD474 /* Data */,
				292EC9E228E86117006CD474 /* PaymentLib.h */,
				292EC9E328E86117006CD474 /* PaymentLib.docc */,
			);
			path = PaymentLib;
			sourceTree = "<group>";
		};
		292EC9ED28E86118006CD474 /* PaymentLibTests */ = {
			isa = PBXGroup;
			children = (
				292ECA5928E889F8006CD474 /* cardDataMock.xml */,
				292EC9EE28E86118006CD474 /* PaymentLibTests.swift */,
			);
			path = PaymentLibTests;
			sourceTree = "<group>";
		};
		292ECA3528E862AF006CD474 /* PayrocExample */ = {
			isa = PBXGroup;
			children = (
				292ECA3628E862AF006CD474 /* PayrocExampleApp.swift */,
				292ECA6228E8E546006CD474 /* Views */,
				292ECA3A28E862B0006CD474 /* Assets.xcassets */,
				292ECA3F28E862B0006CD474 /* Persistence.swift */,
				292ECA4128E862B0006CD474 /* PayrocExample.xcdatamodeld */,
				292ECA3C28E862B0006CD474 /* Preview Content */,
			);
			path = PayrocExample;
			sourceTree = "<group>";
		};
		292ECA3C28E862B0006CD474 /* Preview Content */ = {
			isa = PBXGroup;
			children = (
				292ECA3D28E862B0006CD474 /* Preview Assets.xcassets */,
			);
			path = "Preview Content";
			sourceTree = "<group>";
		};
		292ECA4D28E86626006CD474 /* Data */ = {
			isa = PBXGroup;
			children = (
				292ECA8328EA1D14006CD474 /* Model */,
				292ECA5F28E8E4CA006CD474 /* Xml */,
				292ECA5B28E88A2A006CD474 /* TransactionType.swift */,
				292ECA6028E8E4E5006CD474 /* PaymentError.swift */,
			);
			path = Data;
			sourceTree = "<group>";
		};
		292ECA5228E86859006CD474 /* Factory */ = {
			isa = PBXGroup;
			children = (
				292ECA5328E86869006CD474 /* DataModelFactory.swift */,
				292ECA6B28EA0D9E006CD474 /* ServiceFactory.swift */,
			);
			path = Factory;
			sourceTree = "<group>";
		};
		292ECA5F28E8E4CA006CD474 /* Xml */ = {
			isa = PBXGroup;
			children = (
				292ECA4E28E86639006CD474 /* XmlObj.swift */,
				292ECA5028E866A6006CD474 /* PayRocXmlParser.swift */,
				292ECA5528E8689A006CD474 /* Card.swift */,
			);
			path = Xml;
			sourceTree = "<group>";
		};
		292ECA6228E8E546006CD474 /* Views */ = {
			isa = PBXGroup;
			children = (
				292ECA6328E8E56A006CD474 /* MainView.swift */,
				292ECA3828E862AF006CD474 /* ContentView.swift */,
			);
			path = Views;
			sourceTree = "<group>";
		};
		292ECA6528E8E7B2006CD474 /* Frameworks */ = {
			isa = PBXGroup;
			children = (
			);
			name = Frameworks;
			sourceTree = "<group>";
		};
		292ECA6D28EA0DD7006CD474 /* Service */ = {
			isa = PBXGroup;
			children = (
				292ECA7428EA0F8A006CD474 /* APIEndPoint.swift */,
				292ECA7728EA11C5006CD474 /* PaymentEndPoint.swift */,
				292ECA7A28EA15B5006CD474 /* WebService.swift */,
				292ECA7C28EA15C5006CD474 /* APIService.swift */,
			);
			path = Service;
			sourceTree = "<group>";
		};
		292ECA8328EA1D14006CD474 /* Model */ = {
			isa = PBXGroup;
			children = (
				292ECA7F28EA1693006CD474 /* PaymentRequest.swift */,
				292ECA8428EA1D69006CD474 /* Order.swift */,
				292ECA8628EA1D77006CD474 /* CustomerAccount.swift */,
				292ECA8828EA1D84006CD474 /* Device.swift */,
				292ECA8128EA169B006CD474 /* PaymentResponse.swift */,
				292ECA8A28EA2893006CD474 /* SecurityCheck.swift */,
				292ECA8C28EA28C3006CD474 /* TransactionResult.swift */,
				292ECA8E28EA2997006CD474 /* AdditionalDataFields.swift */,
				292ECA9028EAD108006CD474 /* EmvTags.swift */,
			);
			path = Model;
			sourceTree = "<group>";
		};
/* End PBXGroup section */

/* Begin PBXHeadersBuildPhase section */
		292EC9DA28E86117006CD474 /* Headers */ = {
			isa = PBXHeadersBuildPhase;
			buildActionMask = 2147483647;
			files = (
				292EC9F028E86118006CD474 /* PaymentLib.h in Headers */,
			);
			runOnlyForDeploymentPostprocessing = 0;
		};
/* End PBXHeadersBuildPhase section */

/* Begin PBXNativeTarget section */
		292EC9DE28E86117006CD474 /* PaymentLib */ = {
			isa = PBXNativeTarget;
			buildConfigurationList = 292EC9F328E86118006CD474 /* Build configuration list for PBXNativeTarget "PaymentLib" */;
			buildPhases = (
				292EC9DA28E86117006CD474 /* Headers */,
				292EC9DB28E86117006CD474 /* Sources */,
				292EC9DC28E86117006CD474 /* Frameworks */,
				292EC9DD28E86117006CD474 /* Resources */,
			);
			buildRules = (
			);
			dependencies = (
			);
			name = PaymentLib;
			productName = PaymentLib;
			productReference = 292EC9DF28E86117006CD474 /* PaymentLib.framework */;
			productType = "com.apple.product-type.framework";
		};
		292EC9E828E86118006CD474 /* PaymentLibTests */ = {
			isa = PBXNativeTarget;
			buildConfigurationList = 292EC9F628E86118006CD474 /* Build configuration list for PBXNativeTarget "PaymentLibTests" */;
			buildPhases = (
				292EC9E528E86118006CD474 /* Sources */,
				292EC9E628E86118006CD474 /* Frameworks */,
				292EC9E728E86118006CD474 /* Resources */,
			);
			buildRules = (
			);
			dependencies = (
				292EC9EC28E86118006CD474 /* PBXTargetDependency */,
			);
			name = PaymentLibTests;
			productName = PaymentLibTests;
			productReference = 292EC9E928E86118006CD474 /* PaymentLibTests.xctest */;
			productType = "com.apple.product-type.bundle.unit-test";
		};
		292ECA3328E862AF006CD474 /* PayrocExample */ = {
			isa = PBXNativeTarget;
			buildConfigurationList = 292ECA4428E862B0006CD474 /* Build configuration list for PBXNativeTarget "PayrocExample" */;
			buildPhases = (
				292ECA3028E862AF006CD474 /* Sources */,
				292ECA3128E862AF006CD474 /* Frameworks */,
				292ECA3228E862AF006CD474 /* Resources */,
				292ECA6A28E8E7B2006CD474 /* Embed Frameworks */,
			);
			buildRules = (
			);
			dependencies = (
				292ECA6928E8E7B2006CD474 /* PBXTargetDependency */,
			);
			name = PayrocExample;
			productName = PayrocExample;
			productReference = 292ECA3428E862AF006CD474 /* PayrocExample.app */;
			productType = "com.apple.product-type.application";
		};
/* End PBXNativeTarget section */

/* Begin PBXProject section */
		292EC9D628E86117006CD474 /* Project object */ = {
			isa = PBXProject;
			attributes = {
				BuildIndependentTargetsInParallel = 1;
				LastSwiftUpdateCheck = 1340;
				LastUpgradeCheck = 1340;
				TargetAttributes = {
					292EC9DE28E86117006CD474 = {
						CreatedOnToolsVersion = 13.4.1;
					};
					292EC9E828E86118006CD474 = {
						CreatedOnToolsVersion = 13.4.1;
					};
					292ECA3328E862AF006CD474 = {
						CreatedOnToolsVersion = 13.4.1;
					};
				};
			};
			buildConfigurationList = 292EC9D928E86117006CD474 /* Build configuration list for PBXProject "PaymentLib" */;
			compatibilityVersion = "Xcode 13.0";
			developmentRegion = en;
			hasScannedForEncodings = 0;
			knownRegions = (
				en,
				Base,
			);
			mainGroup = 292EC9D528E86117006CD474;
			productRefGroup = 292EC9E028E86117006CD474 /* Products */;
			projectDirPath = "";
			projectRoot = "";
			targets = (
				292EC9DE28E86117006CD474 /* PaymentLib */,
				292EC9E828E86118006CD474 /* PaymentLibTests */,
				292ECA3328E862AF006CD474 /* PayrocExample */,
			);
		};
/* End PBXProject section */

/* Begin PBXResourcesBuildPhase section */
		292EC9DD28E86117006CD474 /* Resources */ = {
			isa = PBXResourcesBuildPhase;
			buildActionMask = 2147483647;
			files = (
				292ECA5828E885B4006CD474 /* card_data.xml in Resources */,
			);
			runOnlyForDeploymentPostprocessing = 0;
		};
		292EC9E728E86118006CD474 /* Resources */ = {
			isa = PBXResourcesBuildPhase;
			buildActionMask = 2147483647;
			files = (
				292ECA5A28E889F8006CD474 /* cardDataMock.xml in Resources */,
			);
			runOnlyForDeploymentPostprocessing = 0;
		};
		292ECA3228E862AF006CD474 /* Resources */ = {
			isa = PBXResourcesBuildPhase;
			buildActionMask = 2147483647;
			files = (
				292ECA3E28E862B0006CD474 /* Preview Assets.xcassets in Resources */,
				292ECA3B28E862B0006CD474 /* Assets.xcassets in Resources */,
			);
			runOnlyForDeploymentPostprocessing = 0;
		};
/* End PBXResourcesBuildPhase section */

/* Begin PBXSourcesBuildPhase section */
		292EC9DB28E86117006CD474 /* Sources */ = {
			isa = PBXSourcesBuildPhase;
			buildActionMask = 2147483647;
			files = (
				292ECA5428E86869006CD474 /* DataModelFactory.swift in Sources */,
				292ECA4F28E86639006CD474 /* XmlObj.swift in Sources */,
				292ECA8528EA1D69006CD474 /* Order.swift in Sources */,
				292ECA8D28EA28C3006CD474 /* TransactionResult.swift in Sources */,
				292ECA8928EA1D84006CD474 /* Device.swift in Sources */,
				292ECA5E28E8A7C1006CD474 /* PaymentLib.swift in Sources */,
				292ECA5628E8689A006CD474 /* Card.swift in Sources */,
				292ECA8228EA169B006CD474 /* PaymentResponse.swift in Sources */,
				292ECA8B28EA2893006CD474 /* SecurityCheck.swift in Sources */,
				292ECA9128EAD108006CD474 /* EmvTags.swift in Sources */,
				292ECA7528EA0F8A006CD474 /* APIEndPoint.swift in Sources */,
				292ECA7828EA11C5006CD474 /* PaymentEndPoint.swift in Sources */,
				292ECA7B28EA15B5006CD474 /* WebService.swift in Sources */,
				292EC9E428E86117006CD474 /* PaymentLib.docc in Sources */,
				292ECA6128E8E4E5006CD474 /* PaymentError.swift in Sources */,
				292ECA8F28EA2997006CD474 /* AdditionalDataFields.swift in Sources */,
				292ECA7D28EA15C5006CD474 /* APIService.swift in Sources */,
				292ECA5C28E88A2A006CD474 /* TransactionType.swift in Sources */,
				292ECA8728EA1D77006CD474 /* CustomerAccount.swift in Sources */,
				292ECA8028EA1693006CD474 /* PaymentRequest.swift in Sources */,
				292ECA5128E866A6006CD474 /* PayRocXmlParser.swift in Sources */,
				292ECA6C28EA0D9E006CD474 /* ServiceFactory.swift in Sources */,
			);
			runOnlyForDeploymentPostprocessing = 0;
		};
		292EC9E528E86118006CD474 /* Sources */ = {
			isa = PBXSourcesBuildPhase;
			buildActionMask = 2147483647;
			files = (
				292EC9EF28E86118006CD474 /* PaymentLibTests.swift in Sources */,
			);
			runOnlyForDeploymentPostprocessing = 0;
		};
		292ECA3028E862AF006CD474 /* Sources */ = {
			isa = PBXSourcesBuildPhase;
			buildActionMask = 2147483647;
			files = (
				292ECA4328E862B0006CD474 /* PayrocExample.xcdatamodeld in Sources */,
				292ECA4028E862B0006CD474 /* Persistence.swift in Sources */,
				292ECA3928E862AF006CD474 /* ContentView.swift in Sources */,
				292ECA6428E8E56A006CD474 /* MainView.swift in Sources */,
				292ECA3728E862AF006CD474 /* PayrocExampleApp.swift in Sources */,
			);
			runOnlyForDeploymentPostprocessing = 0;
		};
/* End PBXSourcesBuildPhase section */

/* Begin PBXTargetDependency section */
		292EC9EC28E86118006CD474 /* PBXTargetDependency */ = {
			isa = PBXTargetDependency;
			target = 292EC9DE28E86117006CD474 /* PaymentLib */;
			targetProxy = 292EC9EB28E86118006CD474 /* PBXContainerItemProxy */;
		};
		292ECA6928E8E7B2006CD474 /* PBXTargetDependency */ = {
			isa = PBXTargetDependency;
			platformFilter = ios;
			target = 292EC9DE28E86117006CD474 /* PaymentLib */;
			targetProxy = 292ECA6828E8E7B2006CD474 /* PBXContainerItemProxy */;
		};
/* End PBXTargetDependency section */

/* Begin XCBuildConfiguration section */
		292EC9F128E86118006CD474 /* Debug */ = {
			isa = XCBuildConfiguration;
			buildSettings = {
				ALWAYS_SEARCH_USER_PATHS = NO;
				CLANG_ANALYZER_NONNULL = YES;
				CLANG_ANALYZER_NUMBER_OBJECT_CONVERSION = YES_AGGRESSIVE;
				CLANG_CXX_LANGUAGE_STANDARD = "gnu++17";
				CLANG_ENABLE_MODULES = YES;
				CLANG_ENABLE_OBJC_ARC = YES;
				CLANG_ENABLE_OBJC_WEAK = YES;
				CLANG_WARN_BLOCK_CAPTURE_AUTORELEASING = YES;
				CLANG_WARN_BOOL_CONVERSION = YES;
				CLANG_WARN_COMMA = YES;
				CLANG_WARN_CONSTANT_CONVERSION = YES;
				CLANG_WARN_DEPRECATED_OBJC_IMPLEMENTATIONS = YES;
				CLANG_WARN_DIRECT_OBJC_ISA_USAGE = YES_ERROR;
				CLANG_WARN_DOCUMENTATION_COMMENTS = YES;
				CLANG_WARN_EMPTY_BODY = YES;
				CLANG_WARN_ENUM_CONVERSION = YES;
				CLANG_WARN_INFINITE_RECURSION = YES;
				CLANG_WARN_INT_CONVERSION = YES;
				CLANG_WARN_NON_LITERAL_NULL_CONVERSION = YES;
				CLANG_WARN_OBJC_IMPLICIT_RETAIN_SELF = YES;
				CLANG_WARN_OBJC_LITERAL_CONVERSION = YES;
				CLANG_WARN_OBJC_ROOT_CLASS = YES_ERROR;
				CLANG_WARN_QUOTED_INCLUDE_IN_FRAMEWORK_HEADER = YES;
				CLANG_WARN_RANGE_LOOP_ANALYSIS = YES;
				CLANG_WARN_STRICT_PROTOTYPES = YES;
				CLANG_WARN_SUSPICIOUS_MOVE = YES;
				CLANG_WARN_UNGUARDED_AVAILABILITY = YES_AGGRESSIVE;
				CLANG_WARN_UNREACHABLE_CODE = YES;
				CLANG_WARN__DUPLICATE_METHOD_MATCH = YES;
				COPY_PHASE_STRIP = NO;
				CURRENT_PROJECT_VERSION = 1;
				DEBUG_INFORMATION_FORMAT = dwarf;
				ENABLE_STRICT_OBJC_MSGSEND = YES;
				ENABLE_TESTABILITY = YES;
				GCC_C_LANGUAGE_STANDARD = gnu11;
				GCC_DYNAMIC_NO_PIC = NO;
				GCC_NO_COMMON_BLOCKS = YES;
				GCC_OPTIMIZATION_LEVEL = 0;
				GCC_PREPROCESSOR_DEFINITIONS = (
					"DEBUG=1",
					"$(inherited)",
				);
				GCC_WARN_64_TO_32_BIT_CONVERSION = YES;
				GCC_WARN_ABOUT_RETURN_TYPE = YES_ERROR;
				GCC_WARN_UNDECLARED_SELECTOR = YES;
				GCC_WARN_UNINITIALIZED_AUTOS = YES_AGGRESSIVE;
				GCC_WARN_UNUSED_FUNCTION = YES;
				GCC_WARN_UNUSED_VARIABLE = YES;
				IPHONEOS_DEPLOYMENT_TARGET = 15.5;
				MTL_ENABLE_DEBUG_INFO = INCLUDE_SOURCE;
				MTL_FAST_MATH = YES;
				ONLY_ACTIVE_ARCH = YES;
				SDKROOT = iphoneos;
				SWIFT_ACTIVE_COMPILATION_CONDITIONS = DEBUG;
				SWIFT_OPTIMIZATION_LEVEL = "-Onone";
				VERSIONING_SYSTEM = "apple-generic";
				VERSION_INFO_PREFIX = "";
			};
			name = Debug;
		};
		292EC9F228E86118006CD474 /* Release */ = {
			isa = XCBuildConfiguration;
			buildSettings = {
				ALWAYS_SEARCH_USER_PATHS = NO;
				CLANG_ANALYZER_NONNULL = YES;
				CLANG_ANALYZER_NUMBER_OBJECT_CONVERSION = YES_AGGRESSIVE;
				CLANG_CXX_LANGUAGE_STANDARD = "gnu++17";
				CLANG_ENABLE_MODULES = YES;
				CLANG_ENABLE_OBJC_ARC = YES;
				CLANG_ENABLE_OBJC_WEAK = YES;
				CLANG_WARN_BLOCK_CAPTURE_AUTORELEASING = YES;
				CLANG_WARN_BOOL_CONVERSION = YES;
				CLANG_WARN_COMMA = YES;
				CLANG_WARN_CONSTANT_CONVERSION = YES;
				CLANG_WARN_DEPRECATED_OBJC_IMPLEMENTATIONS = YES;
				CLANG_WARN_DIRECT_OBJC_ISA_USAGE = YES_ERROR;
				CLANG_WARN_DOCUMENTATION_COMMENTS = YES;
				CLANG_WARN_EMPTY_BODY = YES;
				CLANG_WARN_ENUM_CONVERSION = YES;
				CLANG_WARN_INFINITE_RECURSION = YES;
				CLANG_WARN_INT_CONVERSION = YES;
				CLANG_WARN_NON_LITERAL_NULL_CONVERSION = YES;
				CLANG_WARN_OBJC_IMPLICIT_RETAIN_SELF = YES;
				CLANG_WARN_OBJC_LITERAL_CONVERSION = YES;
				CLANG_WARN_OBJC_ROOT_CLASS = YES_ERROR;
				CLANG_WARN_QUOTED_INCLUDE_IN_FRAMEWORK_HEADER = YES;
				CLANG_WARN_RANGE_LOOP_ANALYSIS = YES;
				CLANG_WARN_STRICT_PROTOTYPES = YES;
				CLANG_WARN_SUSPICIOUS_MOVE = YES;
				CLANG_WARN_UNGUARDED_AVAILABILITY = YES_AGGRESSIVE;
				CLANG_WARN_UNREACHABLE_CODE = YES;
				CLANG_WARN__DUPLICATE_METHOD_MATCH = YES;
				COPY_PHASE_STRIP = NO;
				CURRENT_PROJECT_VERSION = 1;
				DEBUG_INFORMATION_FORMAT = "dwarf-with-dsym";
				ENABLE_NS_ASSERTIONS = NO;
				ENABLE_STRICT_OBJC_MSGSEND = YES;
				GCC_C_LANGUAGE_STANDARD = gnu11;
				GCC_NO_COMMON_BLOCKS = YES;
				GCC_WARN_64_TO_32_BIT_CONVERSION = YES;
				GCC_WARN_ABOUT_RETURN_TYPE = YES_ERROR;
				GCC_WARN_UNDECLARED_SELECTOR = YES;
				GCC_WARN_UNINITIALIZED_AUTOS = YES_AGGRESSIVE;
				GCC_WARN_UNUSED_FUNCTION = YES;
				GCC_WARN_UNUSED_VARIABLE = YES;
				IPHONEOS_DEPLOYMENT_TARGET = 15.5;
				MTL_ENABLE_DEBUG_INFO = NO;
				MTL_FAST_MATH = YES;
				SDKROOT = iphoneos;
				SWIFT_COMPILATION_MODE = wholemodule;
				SWIFT_OPTIMIZATION_LEVEL = "-O";
				VALIDATE_PRODUCT = YES;
				VERSIONING_SYSTEM = "apple-generic";
				VERSION_INFO_PREFIX = "";
			};
			name = Release;
		};
		292EC9F428E86118006CD474 /* Debug */ = {
			isa = XCBuildConfiguration;
			buildSettings = {
				CODE_SIGN_STYLE = Automatic;
				CURRENT_PROJECT_VERSION = 1;
				DEFINES_MODULE = YES;
				DYLIB_COMPATIBILITY_VERSION = 1;
				DYLIB_CURRENT_VERSION = 1;
				DYLIB_INSTALL_NAME_BASE = "@rpath";
				GENERATE_INFOPLIST_FILE = YES;
				INFOPLIST_KEY_NSHumanReadableCopyright = "";
				INSTALL_PATH = "$(LOCAL_LIBRARY_DIR)/Frameworks";
				LD_RUNPATH_SEARCH_PATHS = (
					"$(inherited)",
					"@executable_path/Frameworks",
					"@loader_path/Frameworks",
				);
				MARKETING_VERSION = 1.0;
				PRODUCT_BUNDLE_IDENTIFIER = ie.leizhang.payroc.PaymentLib;
				PRODUCT_NAME = "$(TARGET_NAME:c99extidentifier)";
				SKIP_INSTALL = YES;
				SUPPORTS_MACCATALYST = NO;
				SWIFT_EMIT_LOC_STRINGS = YES;
				SWIFT_VERSION = 5.0;
				TARGETED_DEVICE_FAMILY = "1,2";
			};
			name = Debug;
		};
		292EC9F528E86118006CD474 /* Release */ = {
			isa = XCBuildConfiguration;
			buildSettings = {
				CODE_SIGN_STYLE = Automatic;
				CURRENT_PROJECT_VERSION = 1;
				DEFINES_MODULE = YES;
				DYLIB_COMPATIBILITY_VERSION = 1;
				DYLIB_CURRENT_VERSION = 1;
				DYLIB_INSTALL_NAME_BASE = "@rpath";
				GENERATE_INFOPLIST_FILE = YES;
				INFOPLIST_KEY_NSHumanReadableCopyright = "";
				INSTALL_PATH = "$(LOCAL_LIBRARY_DIR)/Frameworks";
				LD_RUNPATH_SEARCH_PATHS = (
					"$(inherited)",
					"@executable_path/Frameworks",
					"@loader_path/Frameworks",
				);
				MARKETING_VERSION = 1.0;
				PRODUCT_BUNDLE_IDENTIFIER = ie.leizhang.payroc.PaymentLib;
				PRODUCT_NAME = "$(TARGET_NAME:c99extidentifier)";
				SKIP_INSTALL = YES;
				SUPPORTS_MACCATALYST = NO;
				SWIFT_EMIT_LOC_STRINGS = YES;
				SWIFT_VERSION = 5.0;
				TARGETED_DEVICE_FAMILY = "1,2";
			};
			name = Release;
		};
		292EC9F728E86118006CD474 /* Debug */ = {
			isa = XCBuildConfiguration;
			buildSettings = {
				ALWAYS_EMBED_SWIFT_STANDARD_LIBRARIES = YES;
				CODE_SIGN_STYLE = Automatic;
				CURRENT_PROJECT_VERSION = 1;
				GENERATE_INFOPLIST_FILE = YES;
				MARKETING_VERSION = 1.0;
				PRODUCT_BUNDLE_IDENTIFIER = ie.leizhang.payroc.PaymentLibTests;
				PRODUCT_NAME = "$(TARGET_NAME)";
				SWIFT_EMIT_LOC_STRINGS = NO;
				SWIFT_VERSION = 5.0;
				TARGETED_DEVICE_FAMILY = "1,2";
			};
			name = Debug;
		};
		292EC9F828E86118006CD474 /* Release */ = {
			isa = XCBuildConfiguration;
			buildSettings = {
				ALWAYS_EMBED_SWIFT_STANDARD_LIBRARIES = YES;
				CODE_SIGN_STYLE = Automatic;
				CURRENT_PROJECT_VERSION = 1;
				GENERATE_INFOPLIST_FILE = YES;
				MARKETING_VERSION = 1.0;
				PRODUCT_BUNDLE_IDENTIFIER = ie.leizhang.payroc.PaymentLibTests;
				PRODUCT_NAME = "$(TARGET_NAME)";
				SWIFT_EMIT_LOC_STRINGS = NO;
				SWIFT_VERSION = 5.0;
				TARGETED_DEVICE_FAMILY = "1,2";
			};
			name = Release;
		};
		292ECA4528E862B0006CD474 /* Debug */ = {
			isa = XCBuildConfiguration;
			buildSettings = {
				ASSETCATALOG_COMPILER_APPICON_NAME = AppIcon;
				ASSETCATALOG_COMPILER_GLOBAL_ACCENT_COLOR_NAME = AccentColor;
				CODE_SIGN_STYLE = Automatic;
				CURRENT_PROJECT_VERSION = 1;
				DEVELOPMENT_ASSET_PATHS = "\"PayrocExample/Preview Content\"";
				ENABLE_PREVIEWS = YES;
				GENERATE_INFOPLIST_FILE = YES;
				INFOPLIST_KEY_UIApplicationSceneManifest_Generation = YES;
				INFOPLIST_KEY_UIApplicationSupportsIndirectInputEvents = YES;
				INFOPLIST_KEY_UILaunchScreen_Generation = YES;
				INFOPLIST_KEY_UISupportedInterfaceOrientations_iPad = "UIInterfaceOrientationPortrait UIInterfaceOrientationPortraitUpsideDown UIInterfaceOrientationLandscapeLeft UIInterfaceOrientationLandscapeRight";
				INFOPLIST_KEY_UISupportedInterfaceOrientations_iPhone = "UIInterfaceOrientationPortrait UIInterfaceOrientationLandscapeLeft UIInterfaceOrientationLandscapeRight";
				LD_RUNPATH_SEARCH_PATHS = (
					"$(inherited)",
					"@executable_path/Frameworks",
				);
				MARKETING_VERSION = 1.0;
				PRODUCT_BUNDLE_IDENTIFIER = ie.leizhang.payroc.PayrocExample;
				PRODUCT_NAME = "$(TARGET_NAME)";
				SWIFT_EMIT_LOC_STRINGS = YES;
				SWIFT_VERSION = 5.0;
				TARGETED_DEVICE_FAMILY = "1,2";
			};
			name = Debug;
		};
		292ECA4628E862B0006CD474 /* Release */ = {
			isa = XCBuildConfiguration;
			buildSettings = {
				ASSETCATALOG_COMPILER_APPICON_NAME = AppIcon;
				ASSETCATALOG_COMPILER_GLOBAL_ACCENT_COLOR_NAME = AccentColor;
				CODE_SIGN_STYLE = Automatic;
				CURRENT_PROJECT_VERSION = 1;
				DEVELOPMENT_ASSET_PATHS = "\"PayrocExample/Preview Content\"";
				ENABLE_PREVIEWS = YES;
				GENERATE_INFOPLIST_FILE = YES;
				INFOPLIST_KEY_UIApplicationSceneManifest_Generation = YES;
				INFOPLIST_KEY_UIApplicationSupportsIndirectInputEvents = YES;
				INFOPLIST_KEY_UILaunchScreen_Generation = YES;
				INFOPLIST_KEY_UISupportedInterfaceOrientations_iPad = "UIInterfaceOrientationPortrait UIInterfaceOrientationPortraitUpsideDown UIInterfaceOrientationLandscapeLeft UIInterfaceOrientationLandscapeRight";
				INFOPLIST_KEY_UISupportedInterfaceOrientations_iPhone = "UIInterfaceOrientationPortrait UIInterfaceOrientationLandscapeLeft UIInterfaceOrientationLandscapeRight";
				LD_RUNPATH_SEARCH_PATHS = (
					"$(inherited)",
					"@executable_path/Frameworks",
				);
				MARKETING_VERSION = 1.0;
				PRODUCT_BUNDLE_IDENTIFIER = ie.leizhang.payroc.PayrocExample;
				PRODUCT_NAME = "$(TARGET_NAME)";
				SWIFT_EMIT_LOC_STRINGS = YES;
				SWIFT_VERSION = 5.0;
				TARGETED_DEVICE_FAMILY = "1,2";
			};
			name = Release;
		};
/* End XCBuildConfiguration section */

/* Begin XCConfigurationList section */
		292EC9D928E86117006CD474 /* Build configuration list for PBXProject "PaymentLib" */ = {
			isa = XCConfigurationList;
			buildConfigurations = (
				292EC9F128E86118006CD474 /* Debug */,
				292EC9F228E86118006CD474 /* Release */,
			);
			defaultConfigurationIsVisible = 0;
			defaultConfigurationName = Release;
		};
		292EC9F328E86118006CD474 /* Build configuration list for PBXNativeTarget "PaymentLib" */ = {
			isa = XCConfigurationList;
			buildConfigurations = (
				292EC9F428E86118006CD474 /* Debug */,
				292EC9F528E86118006CD474 /* Release */,
			);
			defaultConfigurationIsVisible = 0;
			defaultConfigurationName = Release;
		};
		292EC9F628E86118006CD474 /* Build configuration list for PBXNativeTarget "PaymentLibTests" */ = {
			isa = XCConfigurationList;
			buildConfigurations = (
				292EC9F728E86118006CD474 /* Debug */,
				292EC9F828E86118006CD474 /* Release */,
			);
			defaultConfigurationIsVisible = 0;
			defaultConfigurationName = Release;
		};
		292ECA4428E862B0006CD474 /* Build configuration list for PBXNativeTarget "PayrocExample" */ = {
			isa = XCConfigurationList;
			buildConfigurations = (
				292ECA4528E862B0006CD474 /* Debug */,
				292ECA4628E862B0006CD474 /* Release */,
			);
			defaultConfigurationIsVisible = 0;
			defaultConfigurationName = Release;
		};
/* End XCConfigurationList section */

/* Begin XCVersionGroup section */
		292ECA4128E862B0006CD474 /* PayrocExample.xcdatamodeld */ = {
			isa = XCVersionGroup;
			children = (
				292ECA4228E862B0006CD474 /* PayrocExample.xcdatamodel */,
			);
			currentVersion = 292ECA4228E862B0006CD474 /* PayrocExample.xcdatamodel */;
			path = PayrocExample.xcdatamodeld;
			sourceTree = "<group>";
			versionGroupType = wrapper.xcdatamodel;
		};
/* End XCVersionGroup section */
	};
	rootObject = 292EC9D628E86117006CD474 /* Project object */;
}
